<?xml version="1.0" encoding="utf-8"?>
<Project ToolsVersion="4.0" xmlns="http://schemas.microsoft.com/developer/msbuild/2003">
  <ItemGroup>
    <Filter Include="소스 파일">
      <UniqueIdentifier>{4FC737F1-C7A5-4376-A066-2A32D752A2FF}</UniqueIdentifier>
      <Extensions>cpp;c;cc;cxx;def;odl;idl;hpj;bat;asm;asmx</Extensions>
    </Filter>
    <Filter Include="헤더 파일">
      <UniqueIdentifier>{93995380-89BD-4b04-88EB-625FBE52EBFB}</UniqueIdentifier>
      <Extensions>h;hh;hpp;hxx;hm;inl;inc;xsd</Extensions>
    </Filter>
    <Filter Include="리소스 파일">
      <UniqueIdentifier>{67DA6AB6-F800-4c08-8B7A-83BB121AAD01}</UniqueIdentifier>
      <Extensions>rc;ico;cur;bmp;dlg;rc2;rct;bin;rgs;gif;jpg;jpeg;jpe;resx;tiff;tif;png;wav;mfcribbon-ms</Extensions>
    </Filter>
  </ItemGroup>
  <ItemGroup>
    <Text Include="ReadMe.txt" />
  </ItemGroup>
  <ItemGroup>
    <ClInclude Include="Hayeonsu.h">
      <Filter>헤더 파일</Filter>
    </ClInclude>
    <ClInclude Include="stdafx.h">
      <Filter>헤더 파일</Filter>
    </ClInclude>
    <ClInclude Include="targetver.h">
      <Filter>헤더 파일</Filter>
    </ClInclude>
    <ClInclude Include="MainFrm.h">
      <Filter>헤더 파일</Filter>
    </ClInclude>
    <ClInclude Include="HayeonsuDoc.h">
      <Filter>헤더 파일</Filter>
    </ClInclude>
    <ClInclude Include="HayeonsuView.h">
      <Filter>헤더 파일</Filter>
    </ClInclude>
    <ClInclude Include="Resource.h">
      <Filter>헤더 파일</Filter>
    </ClInclude>
    <ClInclude Include="Sound.h">
      <Filter>헤더 파일</Filter>
    </ClInclude>
    <ClInclude Include="User.h">
      <Filter>헤더 파일</Filter>
    </ClInclude>
    <ClInclude Include="Info.h">
      <Filter>헤더 파일</Filter>
    </ClInclude>
    <ClInclude Include="Object.h">
      <Filter>헤더 파일</Filter>
    </ClInclude>
    <ClInclude Include="Legend.h">
      <Filter>헤더 파일</Filter>
    </ClInclude>
    <ClInclude Include="Wangyong_List.h">
      <Filter>헤더 파일</Filter>
    </ClInclude>
    <ClInclude Include="Wangyong_Queue.h">
      <Filter>헤더 파일</Filter>
    </ClInclude>
    <ClInclude Include="Wangyong_Stack.h">
      <Filter>헤더 파일</Filter>
    </ClInclude>
  </ItemGroup>
  <ItemGroup>
    <ClCompile Include="Hayeonsu.cpp">
      <Filter>소스 파일</Filter>
    </ClCompile>
    <ClCompile Include="stdafx.cpp">
      <Filter>소스 파일</Filter>
    </ClCompile>
    <ClCompile Include="MainFrm.cpp">
      <Filter>소스 파일</Filter>
    </ClCompile>
    <ClCompile Include="HayeonsuDoc.cpp">
      <Filter>소스 파일</Filter>
    </ClCompile>
    <ClCompile Include="HayeonsuView.cpp">
      <Filter>소스 파일</Filter>
    </ClCompile>
    <ClCompile Include="Sound.cpp">
      <Filter>소스 파일</Filter>
    </ClCompile>
    <ClCompile Include="User.cpp">
      <Filter>소스 파일</Filter>
    </ClCompile>
    <ClCompile Include="Info.cpp">
      <Filter>소스 파일</Filter>
    </ClCompile>
    <ClCompile Include="Object.cpp">
      <Filter>소스 파일</Filter>
    </ClCompile>
    <ClCompile Include="Legend.cpp">
      <Filter>소스 파일</Filter>
    </ClCompile>
  </ItemGroup>
  <ItemGroup>
    <ResourceCompile Include="Hayeonsu.rc">
      <Filter>리소스 파일</Filter>
    </ResourceCompile>
  </ItemGroup>
  <ItemGroup>
    <None Include="res\Hayeonsu.rc2">
      <Filter>리소스 파일</Filter>
    </None>
  </ItemGroup>
  <ItemGroup>
    <Image Include="res\HayeonsuDoc.ico">
      <Filter>리소스 파일</Filter>
    </Image>
    <Image Include="res\Hayeonsu.ico">
      <Filter>리소스 파일</Filter>
    </Image>
    <Image Include="res\Toolbar.bmp">
      <Filter>리소스 파일</Filter>
    </Image>
    <Image Include="image\coin.bmp">
      <Filter>리소스 파일</Filter>
    </Image>
    <Image Include="image\turtleBaby.bmp">
      <Filter>리소스 파일</Filter>
    </Image>
    <Image Include="image\trainer.bmp">
      <Filter>리소스 파일</Filter>
    </Image>
    <Image Include="image\item.bmp">
      <Filter>리소스 파일</Filter>
    </Image>
    <Image Include="image\dead.bmp">
      <Filter>리소스 파일</Filter>
    </Image>
    <Image Include="image\stone.bmp">
      <Filter>리소스 파일</Filter>
    </Image>
    <Image Include="image\itemApply.bmp">
      <Filter>리소스 파일</Filter>
    </Image>
    <Image Include="image\heart.bmp">
      <Filter>리소스 파일</Filter>
    </Image>
    <Image Include="image\legend1.bmp">
      <Filter>리소스 파일</Filter>
    </Image>
    <Image Include="image\legend2.bmp">
      <Filter>리소스 파일</Filter>
    </Image>
    <Image Include="image\legend3.bmp">
      <Filter>리소스 파일</Filter>
    </Image>
    <Image Include="image\quitButton.bmp">
      <Filter>리소스 파일</Filter>
    </Image>
    <Image Include="image\restartButton.bmp">
      <Filter>리소스 파일</Filter>
    </Image>
    <Image Include="image\itemApply2.bmp">
      <Filter>리소스 파일</Filter>
    </Image>
    <Image Include="image\goldFull.bmp">
      <Filter>리소스 파일</Filter>
    </Image>
    <Image Include="image\turtleKing.bmp">
      <Filter>리소스 파일</Filter>
    </Image>
    <Image Include="image\deadApply.bmp">
      <Filter>리소스 파일</Filter>
    </Image>
    <Image Include="image\dangerous.bmp">
      <Filter>리소스 파일</Filter>
    </Image>
  </ItemGroup>
</Project>